
Microsoft Visual Studio Solution File, Format Version 12.00
# Visual Studio Version 16
VisualStudioVersion = 16.0.31005.135
MinimumVisualStudioVersion = 10.0.40219.1
Project("{9A19103F-16F7-4668-BE54-9A1E7A4F7556}") = "Business", "Business\Business.csproj", "{7142B411-D973-4D00-94CF-6A854EB08EFE}"
EndProject
Project("{9A19103F-16F7-4668-BE54-9A1E7A4F7556}") = "Core", "Core\Core.csproj", "{B64B0B50-0D9B-463E-B232-3ABE584234F0}"
EndProject
Project("{9A19103F-16F7-4668-BE54-9A1E7A4F7556}") = "DataAccess", "DataAccess\DataAccess.csproj", "{59226AA4-2F8D-46FA-A7A1-09281A44C558}"
EndProject
Project("{9A19103F-16F7-4668-BE54-9A1E7A4F7556}") = "Entities", "Entities\Entities.csproj", "{459C8489-9866-4434-A595-B22CE2E83379}"
EndProject
Project("{FAE04EC0-301F-11D3-BF4B-00C04F79EFBC}") = "ConsoleUI", "ConsoleUI\ConsoleUI.csproj", "{40441B83-633D-40CA-BB0E-8950C61C79A8}"
EndProject
Global
	GlobalSection(SolutionConfigurationPlatforms) = preSolution
		Debug|Any CPU = Debug|Any CPU
		Release|Any CPU = Release|Any CPU
	EndGlobalSection
	GlobalSection(ProjectConfigurationPlatforms) = postSolution
		{7142B411-D973-4D00-94CF-6A854EB08EFE}.Debug|Any CPU.ActiveCfg = Debug|Any CPU
		{7142B411-D973-4D00-94CF-6A854EB08EFE}.Debug|Any CPU.Build.0 = Debug|Any CPU
		{7142B411-D973-4D00-94CF-6A854EB08EFE}.Release|Any CPU.ActiveCfg = Release|Any CPU
		{7142B411-D973-4D00-94CF-6A854EB08EFE}.Release|Any CPU.Build.0 = Release|Any CPU
		{B64B0B50-0D9B-463E-B232-3ABE584234F0}.Debug|Any CPU.ActiveCfg = Debug|Any CPU
		{B64B0B50-0D9B-463E-B232-3ABE584234F0}.Debug|Any CPU.Build.0 = Debug|Any CPU
		{B64B0B50-0D9B-463E-B232-3ABE584234F0}.Release|Any CPU.ActiveCfg = Release|Any CPU
		{B64B0B50-0D9B-463E-B232-3ABE584234F0}.Release|Any CPU.Build.0 = Release|Any CPU
		{59226AA4-2F8D-46FA-A7A1-09281A44C558}.Debug|Any CPU.ActiveCfg = Debug|Any CPU
		{59226AA4-2F8D-46FA-A7A1-09281A44C558}.Debug|Any CPU.Build.0 = Debug|Any CPU
		{59226AA4-2F8D-46FA-A7A1-09281A44C558}.Release|Any CPU.ActiveCfg = Release|Any CPU
		{59226AA4-2F8D-46FA-A7A1-09281A44C558}.Release|Any CPU.Build.0 = Release|Any CPU
		{459C8489-9866-4434-A595-B22CE2E83379}.Debug|Any CPU.ActiveCfg = Debug|Any CPU
		{459C8489-9866-4434-A595-B22CE2E83379}.Debug|Any CPU.Build.0 = Debug|Any CPU
		{459C8489-9866-4434-A595-B22CE2E83379}.Release|Any CPU.ActiveCfg = Release|Any CPU
		{459C8489-9866-4434-A595-B22CE2E83379}.Release|Any CPU.Build.0 = Release|Any CPU
		{40441B83-633D-40CA-BB0E-8950C61C79A8}.Debug|Any CPU.ActiveCfg = Debug|Any CPU
		{40441B83-633D-40CA-BB0E-8950C61C79A8}.Debug|Any CPU.Build.0 = Debug|Any CPU
		{40441B83-633D-40CA-BB0E-8950C61C79A8}.Release|Any CPU.ActiveCfg = Release|Any CPU
		{40441B83-633D-40CA-BB0E-8950C61C79A8}.Release|Any CPU.Build.0 = Release|Any CPU
	EndGlobalSection
	GlobalSection(SolutionProperties) = preSolution
		HideSolutionNode = FALSE
	EndGlobalSection
	GlobalSection(ExtensibilityGlobals) = postSolution
		SolutionGuid = {B49579BA-640A-4D09-93F5-5BF0F3170814}
	EndGlobalSection
EndGlobal
